// !$*UTF8*$!
{
	archiveVersion = 1;
	classes = {
	};
	objectVersion = 56;
	objects = {

/* Begin PBXBuildFile section */
		293FDD4B29AF9CA60035DB3B /* ArtistSearchVC.swift in Sources */ = {isa = PBXBuildFile; fileRef = 293FDD4A29AF9CA60035DB3B /* ArtistSearchVC.swift */; };
		293FDD4E29AF9F290035DB3B /* AlbumTableViewCell.swift in Sources */ = {isa = PBXBuildFile; fileRef = 293FDD4D29AF9F280035DB3B /* AlbumTableViewCell.swift */; };
		293FDD5029AFA59E0035DB3B /* AlbumDetailVC.swift in Sources */ = {isa = PBXBuildFile; fileRef = 293FDD4F29AFA59E0035DB3B /* AlbumDetailVC.swift */; };
		294AB6B129B1913700541362 /* NetworkService.swift in Sources */ = {isa = PBXBuildFile; fileRef = 294AB6B029B1913700541362 /* NetworkService.swift */; };
		294AB6B429B1916600541362 /* Constants.swift in Sources */ = {isa = PBXBuildFile; fileRef = 294AB6B329B1916600541362 /* Constants.swift */; };
		294AB6B629B1953C00541362 /* NetworkError.swift in Sources */ = {isa = PBXBuildFile; fileRef = 294AB6B529B1953C00541362 /* NetworkError.swift */; };
		294AB6B829B19AD500541362 /* ArtistsTableViewCell.swift in Sources */ = {isa = PBXBuildFile; fileRef = 294AB6B729B19AD500541362 /* ArtistsTableViewCell.swift */; };
		29545A9B29AE513900EAA877 /* AppDelegate.swift in Sources */ = {isa = PBXBuildFile; fileRef = 29545A9A29AE513900EAA877 /* AppDelegate.swift */; };
		29545A9D29AE513900EAA877 /* SceneDelegate.swift in Sources */ = {isa = PBXBuildFile; fileRef = 29545A9C29AE513900EAA877 /* SceneDelegate.swift */; };
		29545A9F29AE513900EAA877 /* ViewController.swift in Sources */ = {isa = PBXBuildFile; fileRef = 29545A9E29AE513900EAA877 /* ViewController.swift */; };
		29545AA229AE513900EAA877 /* Main.storyboard in Resources */ = {isa = PBXBuildFile; fileRef = 29545AA029AE513900EAA877 /* Main.storyboard */; };
		29545AA429AE513B00EAA877 /* Assets.xcassets in Resources */ = {isa = PBXBuildFile; fileRef = 29545AA329AE513B00EAA877 /* Assets.xcassets */; };
		29545AA729AE513B00EAA877 /* LaunchScreen.storyboard in Resources */ = {isa = PBXBuildFile; fileRef = 29545AA529AE513B00EAA877 /* LaunchScreen.storyboard */; };
		295C5F5D29B0DCCF008DCF5B /* SelectedArtistAlbumsVC.swift in Sources */ = {isa = PBXBuildFile; fileRef = 295C5F5C29B0DCCF008DCF5B /* SelectedArtistAlbumsVC.swift */; };
		29C840FD29B2A2AA00C1BC30 /* SongListTableViewCell.swift in Sources */ = {isa = PBXBuildFile; fileRef = 29C840FC29B2A2AA00C1BC30 /* SongListTableViewCell.swift */; };
		29D67AE529B0E41A005D9AD5 /* Artist.swift in Sources */ = {isa = PBXBuildFile; fileRef = 29D67AE429B0E41A005D9AD5 /* Artist.swift */; };
		29D67AE729B0ED1D005D9AD5 /* Album.swift in Sources */ = {isa = PBXBuildFile; fileRef = 29D67AE629B0ED1D005D9AD5 /* Album.swift */; };
		29D67AE929B0FB7E005D9AD5 /* Song.swift in Sources */ = {isa = PBXBuildFile; fileRef = 29D67AE829B0FB7E005D9AD5 /* Song.swift */; };
/* End PBXBuildFile section */

/* Begin PBXFileReference section */
		293FDD4A29AF9CA60035DB3B /* ArtistSearchVC.swift */ = {isa = PBXFileReference; lastKnownFileType = sourcecode.swift; path = ArtistSearchVC.swift; sourceTree = "<group>"; };
		293FDD4D29AF9F280035DB3B /* AlbumTableViewCell.swift */ = {isa = PBXFileReference; lastKnownFileType = sourcecode.swift; path = AlbumTableViewCell.swift; sourceTree = "<group>"; };
		293FDD4F29AFA59E0035DB3B /* AlbumDetailVC.swift */ = {isa = PBXFileReference; lastKnownFileType = sourcecode.swift; path = AlbumDetailVC.swift; sourceTree = "<group>"; };
		294AB6B029B1913700541362 /* NetworkService.swift */ = {isa = PBXFileReference; lastKnownFileType = sourcecode.swift; path = NetworkService.swift; sourceTree = "<group>"; };
		294AB6B329B1916600541362 /* Constants.swift */ = {isa = PBXFileReference; lastKnownFileType = sourcecode.swift; path = Constants.swift; sourceTree = "<group>"; };
		294AB6B529B1953C00541362 /* NetworkError.swift */ = {isa = PBXFileReference; lastKnownFileType = sourcecode.swift; path = NetworkError.swift; sourceTree = "<group>"; };
		294AB6B729B19AD500541362 /* ArtistsTableViewCell.swift */ = {isa = PBXFileReference; lastKnownFileType = sourcecode.swift; path = ArtistsTableViewCell.swift; sourceTree = "<group>"; };
		29545A9729AE513900EAA877 /* iTunesSearch.app */ = {isa = PBXFileReference; explicitFileType = wrapper.application; includeInIndex = 0; path = iTunesSearch.app; sourceTree = BUILT_PRODUCTS_DIR; };
		29545A9A29AE513900EAA877 /* AppDelegate.swift */ = {isa = PBXFileReference; lastKnownFileType = sourcecode.swift; path = AppDelegate.swift; sourceTree = "<group>"; };
		29545A9C29AE513900EAA877 /* SceneDelegate.swift */ = {isa = PBXFileReference; lastKnownFileType = sourcecode.swift; path = SceneDelegate.swift; sourceTree = "<group>"; };
		29545A9E29AE513900EAA877 /* ViewController.swift */ = {isa = PBXFileReference; lastKnownFileType = sourcecode.swift; path = ViewController.swift; sourceTree = "<group>"; };
		29545AA129AE513900EAA877 /* Base */ = {isa = PBXFileReference; lastKnownFileType = file.storyboard; name = Base; path = Base.lproj/Main.storyboard; sourceTree = "<group>"; };
		29545AA329AE513B00EAA877 /* Assets.xcassets */ = {isa = PBXFileReference; lastKnownFileType = folder.assetcatalog; path = Assets.xcassets; sourceTree = "<group>"; };
		29545AA629AE513B00EAA877 /* Base */ = {isa = PBXFileReference; lastKnownFileType = file.storyboard; name = Base; path = Base.lproj/LaunchScreen.storyboard; sourceTree = "<group>"; };
		29545AA829AE513B00EAA877 /* Info.plist */ = {isa = PBXFileReference; lastKnownFileType = text.plist.xml; path = Info.plist; sourceTree = "<group>"; };
		295C5F5C29B0DCCF008DCF5B /* SelectedArtistAlbumsVC.swift */ = {isa = PBXFileReference; lastKnownFileType = sourcecode.swift; path = SelectedArtistAlbumsVC.swift; sourceTree = "<group>"; };
		29C840FC29B2A2AA00C1BC30 /* SongListTableViewCell.swift */ = {isa = PBXFileReference; lastKnownFileType = sourcecode.swift; path = SongListTableViewCell.swift; sourceTree = "<group>"; };
		29D67AE429B0E41A005D9AD5 /* Artist.swift */ = {isa = PBXFileReference; lastKnownFileType = sourcecode.swift; path = Artist.swift; sourceTree = "<group>"; };
		29D67AE629B0ED1D005D9AD5 /* Album.swift */ = {isa = PBXFileReference; lastKnownFileType = sourcecode.swift; path = Album.swift; sourceTree = "<group>"; };
		29D67AE829B0FB7E005D9AD5 /* Song.swift */ = {isa = PBXFileReference; lastKnownFileType = sourcecode.swift; path = Song.swift; sourceTree = "<group>"; };
/* End PBXFileReference section */

/* Begin PBXFrameworksBuildPhase section */
		29545A9429AE513900EAA877 /* Frameworks */ = {
			isa = PBXFrameworksBuildPhase;
			buildActionMask = 2147483647;
			files = (
			);
			runOnlyForDeploymentPostprocessing = 0;
		};
/* End PBXFrameworksBuildPhase section */

/* Begin PBXGroup section */
		293FDD4929AF9C750035DB3B /* View Controllers */ = {
			isa = PBXGroup;
			children = (
				293FDD4A29AF9CA60035DB3B /* ArtistSearchVC.swift */,
				295C5F5C29B0DCCF008DCF5B /* SelectedArtistAlbumsVC.swift */,
				293FDD4F29AFA59E0035DB3B /* AlbumDetailVC.swift */,
				293FDD4C29AF9EFB0035DB3B /* Custom Views */,
			);
			path = "View Controllers";
			sourceTree = "<group>";
		};
		293FDD4C29AF9EFB0035DB3B /* Custom Views */ = {
			isa = PBXGroup;
			children = (
				294AB6B729B19AD500541362 /* ArtistsTableViewCell.swift */,
				293FDD4D29AF9F280035DB3B /* AlbumTableViewCell.swift */,
				29C840FC29B2A2AA00C1BC30 /* SongListTableViewCell.swift */,
			);
			path = "Custom Views";
			sourceTree = "<group>";
		};
		294AB6B229B1914F00541362 /* Helpers */ = {
			isa = PBXGroup;
			children = (
				294AB6B329B1916600541362 /* Constants.swift */,
			);
			path = Helpers;
			sourceTree = "<group>";
		};
		29545A8E29AE513900EAA877 = {
			isa = PBXGroup;
			children = (
				29545A9929AE513900EAA877 /* iTunesSearch */,
				29545A9829AE513900EAA877 /* Products */,
			);
			sourceTree = "<group>";
		};
		29545A9829AE513900EAA877 /* Products */ = {
			isa = PBXGroup;
			children = (
				29545A9729AE513900EAA877 /* iTunesSearch.app */,
			);
			name = Products;
			sourceTree = "<group>";
		};
		29545A9929AE513900EAA877 /* iTunesSearch */ = {
			isa = PBXGroup;
			children = (
				29545AB029AE51B100EAA877 /* Model */,
				29545AB129AE51B900EAA877 /* Network Controller */,
				293FDD4929AF9C750035DB3B /* View Controllers */,
				294AB6B229B1914F00541362 /* Helpers */,
				29545AAE29AE515200EAA877 /* Storyboards */,
				29545AAF29AE516400EAA877 /* Supporting Files */,
			);
			path = iTunesSearch;
			sourceTree = "<group>";
		};
		29545AAE29AE515200EAA877 /* Storyboards */ = {
			isa = PBXGroup;
			children = (
				29545AA029AE513900EAA877 /* Main.storyboard */,
				29545AA529AE513B00EAA877 /* LaunchScreen.storyboard */,
			);
			path = Storyboards;
			sourceTree = "<group>";
		};
		29545AAF29AE516400EAA877 /* Supporting Files */ = {
			isa = PBXGroup;
			children = (
				29545A9A29AE513900EAA877 /* AppDelegate.swift */,
				29545A9C29AE513900EAA877 /* SceneDelegate.swift */,
				29545A9E29AE513900EAA877 /* ViewController.swift */,
				29545AA329AE513B00EAA877 /* Assets.xcassets */,
				29545AA829AE513B00EAA877 /* Info.plist */,
			);
			path = "Supporting Files";
			sourceTree = "<group>";
		};
		29545AB029AE51B100EAA877 /* Model */ = {
			isa = PBXGroup;
			children = (
				29D67AE429B0E41A005D9AD5 /* Artist.swift */,
				29D67AE629B0ED1D005D9AD5 /* Album.swift */,
				29D67AE829B0FB7E005D9AD5 /* Song.swift */,
			);
			path = Model;
			sourceTree = "<group>";
		};
		29545AB129AE51B900EAA877 /* Network Controller */ = {
			isa = PBXGroup;
			children = (
				294AB6B029B1913700541362 /* NetworkService.swift */,
				294AB6B529B1953C00541362 /* NetworkError.swift */,
			);
			path = "Network Controller";
			sourceTree = "<group>";
		};
/* End PBXGroup section */

/* Begin PBXNativeTarget section */
		29545A9629AE513900EAA877 /* iTunesSearch */ = {
			isa = PBXNativeTarget;
			buildConfigurationList = 29545AAB29AE513B00EAA877 /* Build configuration list for PBXNativeTarget "iTunesSearch" */;
			buildPhases = (
				29545A9329AE513900EAA877 /* Sources */,
				29545A9429AE513900EAA877 /* Frameworks */,
				29545A9529AE513900EAA877 /* Resources */,
			);
			buildRules = (
			);
			dependencies = (
			);
			name = iTunesSearch;
			productName = iTunesSearch;
			productReference = 29545A9729AE513900EAA877 /* iTunesSearch.app */;
			productType = "com.apple.product-type.application";
		};
/* End PBXNativeTarget section */

/* Begin PBXProject section */
		29545A8F29AE513900EAA877 /* Project object */ = {
			isa = PBXProject;
			attributes = {
				BuildIndependentTargetsInParallel = 1;
				LastSwiftUpdateCheck = 1420;
				LastUpgradeCheck = 1420;
				TargetAttributes = {
					29545A9629AE513900EAA877 = {
						CreatedOnToolsVersion = 14.2;
					};
				};
			};
			buildConfigurationList = 29545A9229AE513900EAA877 /* Build configuration list for PBXProject "iTunesSearch" */;
			compatibilityVersion = "Xcode 14.0";
			developmentRegion = en;
			hasScannedForEncodings = 0;
			knownRegions = (
				en,
				Base,
			);
			mainGroup = 29545A8E29AE513900EAA877;
			productRefGroup = 29545A9829AE513900EAA877 /* Products */;
			projectDirPath = "";
			projectRoot = "";
			targets = (
				29545A9629AE513900EAA877 /* iTunesSearch */,
			);
		};
/* End PBXProject section */

/* Begin PBXResourcesBuildPhase section */
		29545A9529AE513900EAA877 /* Resources */ = {
			isa = PBXResourcesBuildPhase;
			buildActionMask = 2147483647;
			files = (
				29545AA729AE513B00EAA877 /* LaunchScreen.storyboard in Resources */,
				29545AA429AE513B00EAA877 /* Assets.xcassets in Resources */,
				29545AA229AE513900EAA877 /* Main.storyboard in Resources */,
			);
			runOnlyForDeploymentPostprocessing = 0;
		};
/* End PBXResourcesBuildPhase section */

/* Begin PBXSourcesBuildPhase section */
		29545A9329AE513900EAA877 /* Sources */ = {
			isa = PBXSourcesBuildPhase;
			buildActionMask = 2147483647;
			files = (
				294AB6B129B1913700541362 /* NetworkService.swift in Sources */,
				293FDD4E29AF9F290035DB3B /* AlbumTableViewCell.swift in Sources */,
				293FDD5029AFA59E0035DB3B /* AlbumDetailVC.swift in Sources */,
				29C840FD29B2A2AA00C1BC30 /* SongListTableViewCell.swift in Sources */,
				29545A9F29AE513900EAA877 /* ViewController.swift in Sources */,
				293FDD4B29AF9CA60035DB3B /* ArtistSearchVC.swift in Sources */,
				29D67AE929B0FB7E005D9AD5 /* Song.swift in Sources */,
				29545A9B29AE513900EAA877 /* AppDelegate.swift in Sources */,
				29D67AE729B0ED1D005D9AD5 /* Album.swift in Sources */,
				295C5F5D29B0DCCF008DCF5B /* SelectedArtistAlbumsVC.swift in Sources */,
				29D67AE529B0E41A005D9AD5 /* Artist.swift in Sources */,
				294AB6B829B19AD500541362 /* ArtistsTableViewCell.swift in Sources */,
				294AB6B629B1953C00541362 /* NetworkError.swift in Sources */,
				29545A9D29AE513900EAA877 /* SceneDelegate.swift in Sources */,
				294AB6B429B1916600541362 /* Constants.swift in Sources */,
			);
			runOnlyForDeploymentPostprocessing = 0;
		};
/* End PBXSourcesBuildPhase section */

/* Begin PBXVariantGroup section */
		29545AA029AE513900EAA877 /* Main.storyboard */ = {
			isa = PBXVariantGroup;
			children = (
				29545AA129AE513900EAA877 /* Base */,
			);
			name = Main.storyboard;
			sourceTree = "<group>";
		};
		29545AA529AE513B00EAA877 /* LaunchScreen.storyboard */ = {
			isa = PBXVariantGroup;
			children = (
				29545AA629AE513B00EAA877 /* Base */,
			);
			name = LaunchScreen.storyboard;
			sourceTree = "<group>";
		};
/* End PBXVariantGroup section */

/* Begin XCBuildConfiguration section */
		29545AA929AE513B00EAA877 /* Debug */ = {
			isa = XCBuildConfiguration;
			buildSettings = {
				ALWAYS_SEARCH_USER_PATHS = NO;
				CLANG_ANALYZER_NONNULL = YES;
				CLANG_ANALYZER_NUMBER_OBJECT_CONVERSION = YES_AGGRESSIVE;
				CLANG_CXX_LANGUAGE_STANDARD = "gnu++20";
				CLANG_ENABLE_MODULES = YES;
				CLANG_ENABLE_OBJC_ARC = YES;
				CLANG_ENABLE_OBJC_WEAK = YES;
				CLANG_WARN_BLOCK_CAPTURE_AUTORELEASING = YES;
				CLANG_WARN_BOOL_CONVERSION = YES;
				CLANG_WARN_COMMA = YES;
				CLANG_WARN_CONSTANT_CONVERSION = YES;
				CLANG_WARN_DEPRECATED_OBJC_IMPLEMENTATIONS = YES;
				CLANG_WARN_DIRECT_OBJC_ISA_USAGE = YES_ERROR;
				CLANG_WARN_DOCUMENTATION_COMMENTS = YES;
				CLANG_WARN_EMPTY_BODY = YES;
				CLANG_WARN_ENUM_CONVERSION = YES;
				CLANG_WARN_INFINITE_RECURSION = YES;
				CLANG_WARN_INT_CONVERSION = YES;
				CLANG_WARN_NON_LITERAL_NULL_CONVERSION = YES;
				CLANG_WARN_OBJC_IMPLICIT_RETAIN_SELF = YES;
				CLANG_WARN_OBJC_LITERAL_CONVERSION = YES;
				CLANG_WARN_OBJC_ROOT_CLASS = YES_ERROR;
				CLANG_WARN_QUOTED_INCLUDE_IN_FRAMEWORK_HEADER = YES;
				CLANG_WARN_RANGE_LOOP_ANALYSIS = YES;
				CLANG_WARN_STRICT_PROTOTYPES = YES;
				CLANG_WARN_SUSPICIOUS_MOVE = YES;
				CLANG_WARN_UNGUARDED_AVAILABILITY = YES_AGGRESSIVE;
				CLANG_WARN_UNREACHABLE_CODE = YES;
				CLANG_WARN__DUPLICATE_METHOD_MATCH = YES;
				COPY_PHASE_STRIP = NO;
				DEBUG_INFORMATION_FORMAT = dwarf;
				ENABLE_STRICT_OBJC_MSGSEND = YES;
				ENABLE_TESTABILITY = YES;
				GCC_C_LANGUAGE_STANDARD = gnu11;
				GCC_DYNAMIC_NO_PIC = NO;
				GCC_NO_COMMON_BLOCKS = YES;
				GCC_OPTIMIZATION_LEVEL = 0;
				GCC_PREPROCESSOR_DEFINITIONS = (
					"DEBUG=1",
					"$(inherited)",
				);
				GCC_WARN_64_TO_32_BIT_CONVERSION = YES;
				GCC_WARN_ABOUT_RETURN_TYPE = YES_ERROR;
				GCC_WARN_UNDECLARED_SELECTOR = YES;
				GCC_WARN_UNINITIALIZED_AUTOS = YES_AGGRESSIVE;
				GCC_WARN_UNUSED_FUNCTION = YES;
				GCC_WARN_UNUSED_VARIABLE = YES;
				IPHONEOS_DEPLOYMENT_TARGET = 16.2;
				MTL_ENABLE_DEBUG_INFO = INCLUDE_SOURCE;
				MTL_FAST_MATH = YES;
				ONLY_ACTIVE_ARCH = YES;
				SDKROOT = iphoneos;
				SWIFT_ACTIVE_COMPILATION_CONDITIONS = DEBUG;
				SWIFT_OPTIMIZATION_LEVEL = "-Onone";
			};
			name = Debug;
		};
		29545AAA29AE513B00EAA877 /* Release */ = {
			isa = XCBuildConfiguration;
			buildSettings = {
				ALWAYS_SEARCH_USER_PATHS = NO;
				CLANG_ANALYZER_NONNULL = YES;
				CLANG_ANALYZER_NUMBER_OBJECT_CONVERSION = YES_AGGRESSIVE;
				CLANG_CXX_LANGUAGE_STANDARD = "gnu++20";
				CLANG_ENABLE_MODULES = YES;
				CLANG_ENABLE_OBJC_ARC = YES;
				CLANG_ENABLE_OBJC_WEAK = YES;
				CLANG_WARN_BLOCK_CAPTURE_AUTORELEASING = YES;
				CLANG_WARN_BOOL_CONVERSION = YES;
				CLANG_WARN_COMMA = YES;
				CLANG_WARN_CONSTANT_CONVERSION = YES;
				CLANG_WARN_DEPRECATED_OBJC_IMPLEMENTATIONS = YES;
				CLANG_WARN_DIRECT_OBJC_ISA_USAGE = YES_ERROR;
				CLANG_WARN_DOCUMENTATION_COMMENTS = YES;
				CLANG_WARN_EMPTY_BODY = YES;
				CLANG_WARN_ENUM_CONVERSION = YES;
				CLANG_WARN_INFINITE_RECURSION = YES;
				CLANG_WARN_INT_CONVERSION = YES;
				CLANG_WARN_NON_LITERAL_NULL_CONVERSION = YES;
				CLANG_WARN_OBJC_IMPLICIT_RETAIN_SELF = YES;
				CLANG_WARN_OBJC_LITERAL_CONVERSION = YES;
				CLANG_WARN_OBJC_ROOT_CLASS = YES_ERROR;
				CLANG_WARN_QUOTED_INCLUDE_IN_FRAMEWORK_HEADER = YES;
				CLANG_WARN_RANGE_LOOP_ANALYSIS = YES;
				CLANG_WARN_STRICT_PROTOTYPES = YES;
				CLANG_WARN_SUSPICIOUS_MOVE = YES;
				CLANG_WARN_UNGUARDED_AVAILABILITY = YES_AGGRESSIVE;
				CLANG_WARN_UNREACHABLE_CODE = YES;
				CLANG_WARN__DUPLICATE_METHOD_MATCH = YES;
				COPY_PHASE_STRIP = NO;
				DEBUG_INFORMATION_FORMAT = "dwarf-with-dsym";
				ENABLE_NS_ASSERTIONS = NO;
				ENABLE_STRICT_OBJC_MSGSEND = YES;
				GCC_C_LANGUAGE_STANDARD = gnu11;
				GCC_NO_COMMON_BLOCKS = YES;
				GCC_WARN_64_TO_32_BIT_CONVERSION = YES;
				GCC_WARN_ABOUT_RETURN_TYPE = YES_ERROR;
				GCC_WARN_UNDECLARED_SELECTOR = YES;
				GCC_WARN_UNINITIALIZED_AUTOS = YES_AGGRESSIVE;
				GCC_WARN_UNUSED_FUNCTION = YES;
				GCC_WARN_UNUSED_VARIABLE = YES;
				IPHONEOS_DEPLOYMENT_TARGET = 16.2;
				MTL_ENABLE_DEBUG_INFO = NO;
				MTL_FAST_MATH = YES;
				SDKROOT = iphoneos;
				SWIFT_COMPILATION_MODE = wholemodule;
				SWIFT_OPTIMIZATION_LEVEL = "-O";
				VALIDATE_PRODUCT = YES;
			};
			name = Release;
		};
		29545AAC29AE513B00EAA877 /* Debug */ = {
			isa = XCBuildConfiguration;
			buildSettings = {
				ASSETCATALOG_COMPILER_APPICON_NAME = AppIcon;
				ASSETCATALOG_COMPILER_GLOBAL_ACCENT_COLOR_NAME = AccentColor;
				CODE_SIGN_STYLE = Automatic;
				CURRENT_PROJECT_VERSION = 1;
				DEVELOPMENT_TEAM = W6HRJ6R6XG;
				GENERATE_INFOPLIST_FILE = YES;
				INFOPLIST_FILE = "iTunesSearch/Supporting Files/Info.plist";
				INFOPLIST_KEY_UIApplicationSupportsIndirectInputEvents = YES;
				INFOPLIST_KEY_UILaunchStoryboardName = LaunchScreen;
				INFOPLIST_KEY_UIMainStoryboardFile = Main;
				INFOPLIST_KEY_UISupportedInterfaceOrientations_iPad = "UIInterfaceOrientationPortrait UIInterfaceOrientationPortraitUpsideDown UIInterfaceOrientationLandscapeLeft UIInterfaceOrientationLandscapeRight";
				INFOPLIST_KEY_UISupportedInterfaceOrientations_iPhone = "UIInterfaceOrientationPortrait UIInterfaceOrientationLandscapeLeft UIInterfaceOrientationLandscapeRight";
				"INFOPLIST_KEY_UIUserInterfaceStyle[sdk=*]" = "";
				LD_RUNPATH_SEARCH_PATHS = (
					"$(inherited)",
					"@executable_path/Frameworks",
				);
				MARKETING_VERSION = 1.0;
				PRODUCT_BUNDLE_IDENTIFIER = com.Studio314.iTunesSearch;
				PRODUCT_NAME = "$(TARGET_NAME)";
				SWIFT_EMIT_LOC_STRINGS = YES;
				SWIFT_VERSION = 5.0;
				TARGETED_DEVICE_FAMILY = "1,2";
			};
			name = Debug;
		};
		29545AAD29AE513B00EAA877 /* Release */ = {
			isa = XCBuildConfiguration;
			buildSettings = {
				ASSETCATALOG_COMPILER_APPICON_NAME = AppIcon;
				ASSETCATALOG_COMPILER_GLOBAL_ACCENT_COLOR_NAME = AccentColor;
				CODE_SIGN_STYLE = Automatic;
				CURRENT_PROJECT_VERSION = 1;
				DEVELOPMENT_TEAM = W6HRJ6R6XG;
				GENERATE_INFOPLIST_FILE = YES;
				INFOPLIST_FILE = "iTunesSearch/Supporting Files/Info.plist";
				INFOPLIST_KEY_UIApplicationSupportsIndirectInputEvents = YES;
				INFOPLIST_KEY_UILaunchStoryboardName = LaunchScreen;
				INFOPLIST_KEY_UIMainStoryboardFile = Main;
				INFOPLIST_KEY_UISupportedInterfaceOrientations_iPad = "UIInterfaceOrientationPortrait UIInterfaceOrientationPortraitUpsideDown UIInterfaceOrientationLandscapeLeft UIInterfaceOrientationLandscapeRight";
				INFOPLIST_KEY_UISupportedInterfaceOrientations_iPhone = "UIInterfaceOrientationPortrait UIInterfaceOrientationLandscapeLeft UIInterfaceOrientationLandscapeRight";
				LD_RUNPATH_SEARCH_PATHS = (
					"$(inherited)",
					"@executable_path/Frameworks",
				);
				MARKETING_VERSION = 1.0;
				PRODUCT_BUNDLE_IDENTIFIER = com.Studio314.iTunesSearch;
				PRODUCT_NAME = "$(TARGET_NAME)";
				SWIFT_EMIT_LOC_STRINGS = YES;
				SWIFT_VERSION = 5.0;
				TARGETED_DEVICE_FAMILY = "1,2";
			};
			name = Release;
		};
/* End XCBuildConfiguration section */

/* Begin XCConfigurationList section */
		29545A9229AE513900EAA877 /* Build configuration list for PBXProject "iTunesSearch" */ = {
			isa = XCConfigurationList;
			buildConfigurations = (
				29545AA929AE513B00EAA877 /* Debug */,
				29545AAA29AE513B00EAA877 /* Release */,
			);
			defaultConfigurationIsVisible = 0;
			defaultConfigurationName = Release;
		};
		29545AAB29AE513B00EAA877 /* Build configuration list for PBXNativeTarget "iTunesSearch" */ = {
			isa = XCConfigurationList;
			buildConfigurations = (
				29545AAC29AE513B00EAA877 /* Debug */,
				29545AAD29AE513B00EAA877 /* Release */,
			);
			defaultConfigurationIsVisible = 0;
			defaultConfigurationName = Release;
		};
/* End XCConfigurationList section */
	};
	rootObject = 29545A8F29AE513900EAA877 /* Project object */;
}
